// !$*UTF8*$!
{
	archiveVersion = 1;
	classes = {
	};
	objectVersion = 50;
	objects = {

/* Begin PBXBuildFile section */
		7AB273F62231F26200588193 /* AppDelegate.m in Sources */ = {isa = PBXBuildFile; fileRef = 7AB273F52231F26200588193 /* AppDelegate.m */; };
		7AB273F92231F26200588193 /* ViewController.m in Sources */ = {isa = PBXBuildFile; fileRef = 7AB273F82231F26200588193 /* ViewController.m */; };
		7AB273FC2231F26200588193 /* Main.storyboard in Resources */ = {isa = PBXBuildFile; fileRef = 7AB273FA2231F26200588193 /* Main.storyboard */; };
		7AB273FE2231F26400588193 /* Assets.xcassets in Resources */ = {isa = PBXBuildFile; fileRef = 7AB273FD2231F26400588193 /* Assets.xcassets */; };
		7AB274012231F26400588193 /* LaunchScreen.storyboard in Resources */ = {isa = PBXBuildFile; fileRef = 7AB273FF2231F26400588193 /* LaunchScreen.storyboard */; };
		7AB274042231F26400588193 /* main.m in Sources */ = {isa = PBXBuildFile; fileRef = 7AB274032231F26400588193 /* main.m */; };
		7AB2740C2231F50D00588193 /* WebviewController.m in Sources */ = {isa = PBXBuildFile; fileRef = 7AB2740B2231F50D00588193 /* WebviewController.m */; };
		7AB2740E2231F6B100588193 /* jsDemo.html in Resources */ = {isa = PBXBuildFile; fileRef = 7AB2740D2231F6B100588193 /* jsDemo.html */; };
/* End PBXBuildFile section */

/* Begin PBXFileReference section */
		7AB273F12231F26200588193 /* IOS-JS.app */ = {isa = PBXFileReference; explicitFileType = wrapper.application; includeInIndex = 0; path = "IOS-JS.app"; sourceTree = BUILT_PRODUCTS_DIR; };
		7AB273F42231F26200588193 /* AppDelegate.h */ = {isa = PBXFileReference; lastKnownFileType = sourcecode.c.h; path = AppDelegate.h; sourceTree = "<group>"; };
		7AB273F52231F26200588193 /* AppDelegate.m */ = {isa = PBXFileReference; lastKnownFileType = sourcecode.c.objc; path = AppDelegate.m; sourceTree = "<group>"; };
		7AB273F72231F26200588193 /* ViewController.h */ = {isa = PBXFileReference; lastKnownFileType = sourcecode.c.h; path = ViewController.h; sourceTree = "<group>"; };
		7AB273F82231F26200588193 /* ViewController.m */ = {isa = PBXFileReference; lastKnownFileType = sourcecode.c.objc; path = ViewController.m; sourceTree = "<group>"; };
		7AB273FB2231F26200588193 /* Base */ = {isa = PBXFileReference; lastKnownFileType = file.storyboard; name = Base; path = Base.lproj/Main.storyboard; sourceTree = "<group>"; };
		7AB273FD2231F26400588193 /* Assets.xcassets */ = {isa = PBXFileReference; lastKnownFileType = folder.assetcatalog; path = Assets.xcassets; sourceTree = "<group>"; };
		7AB274002231F26400588193 /* Base */ = {isa = PBXFileReference; lastKnownFileType = file.storyboard; name = Base; path = Base.lproj/LaunchScreen.storyboard; sourceTree = "<group>"; };
		7AB274022231F26400588193 /* Info.plist */ = {isa = PBXFileReference; lastKnownFileType = text.plist.xml; path = Info.plist; sourceTree = "<group>"; };
		7AB274032231F26400588193 /* main.m */ = {isa = PBXFileReference; lastKnownFileType = sourcecode.c.objc; path = main.m; sourceTree = "<group>"; };
		7AB2740A2231F50D00588193 /* WebviewController.h */ = {isa = PBXFileReference; lastKnownFileType = sourcecode.c.h; path = WebviewController.h; sourceTree = "<group>"; };
		7AB2740B2231F50D00588193 /* WebviewController.m */ = {isa = PBXFileReference; lastKnownFileType = sourcecode.c.objc; path = WebviewController.m; sourceTree = "<group>"; };
		7AB2740D2231F6B100588193 /* jsDemo.html */ = {isa = PBXFileReference; fileEncoding = 4; lastKnownFileType = text.html; path = jsDemo.html; sourceTree = "<group>"; };
/* End PBXFileReference section */

/* Begin PBXFrameworksBuildPhase section */
		7AB273EE2231F26200588193 /* Frameworks */ = {
			isa = PBXFrameworksBuildPhase;
			buildActionMask = 2147483647;
			files = (
			);
			runOnlyForDeploymentPostprocessing = 0;
		};
/* End PBXFrameworksBuildPhase section */

/* Begin PBXGroup section */
		7AB273E82231F26200588193 = {
			isa = PBXGroup;
			children = (
				7AB273F32231F26200588193 /* IOS-JS */,
				7AB273F22231F26200588193 /* Products */,
			);
			sourceTree = "<group>";
		};
		7AB273F22231F26200588193 /* Products */ = {
			isa = PBXGroup;
			children = (
				7AB273F12231F26200588193 /* IOS-JS.app */,
			);
			name = Products;
			sourceTree = "<group>";
		};
		7AB273F32231F26200588193 /* IOS-JS */ = {
			isa = PBXGroup;
			children = (
				7AB2740D2231F6B100588193 /* jsDemo.html */,
				7AB273F42231F26200588193 /* AppDelegate.h */,
				7AB273F52231F26200588193 /* AppDelegate.m */,
				7AB273F72231F26200588193 /* ViewController.h */,
				7AB273F82231F26200588193 /* ViewController.m */,
				7AB2740A2231F50D00588193 /* WebviewController.h */,
				7AB2740B2231F50D00588193 /* WebviewController.m */,
				7AB273FA2231F26200588193 /* Main.storyboard */,
				7AB273FD2231F26400588193 /* Assets.xcassets */,
				7AB273FF2231F26400588193 /* LaunchScreen.storyboard */,
				7AB274022231F26400588193 /* Info.plist */,
				7AB274032231F26400588193 /* main.m */,
			);
			path = "IOS-JS";
			sourceTree = "<group>";
		};
/* End PBXGroup section */

/* Begin PBXNativeTarget section */
		7AB273F02231F26200588193 /* IOS-JS */ = {
			isa = PBXNativeTarget;
			buildConfigurationList = 7AB274072231F26400588193 /* Build configuration list for PBXNativeTarget "IOS-JS" */;
			buildPhases = (
				7AB273ED2231F26200588193 /* Sources */,
				7AB273EE2231F26200588193 /* Frameworks */,
				7AB273EF2231F26200588193 /* Resources */,
			);
			buildRules = (
			);
			dependencies = (
			);
			name = "IOS-JS";
			productName = "IOS-JS";
			productReference = 7AB273F12231F26200588193 /* IOS-JS.app */;
			productType = "com.apple.product-type.application";
		};
/* End PBXNativeTarget section */

/* Begin PBXProject section */
		7AB273E92231F26200588193 /* Project object */ = {
			isa = PBXProject;
			attributes = {
				LastUpgradeCheck = 1010;
				ORGANIZATIONNAME = WangDan;
				TargetAttributes = {
					7AB273F02231F26200588193 = {
						CreatedOnToolsVersion = 10.1;
					};
				};
			};
			buildConfigurationList = 7AB273EC2231F26200588193 /* Build configuration list for PBXProject "IOS-JS" */;
			compatibilityVersion = "Xcode 9.3";
			developmentRegion = en;
			hasScannedForEncodings = 0;
			knownRegions = (
				en,
				Base,
			);
			mainGroup = 7AB273E82231F26200588193;
			productRefGroup = 7AB273F22231F26200588193 /* Products */;
			projectDirPath = "";
			projectRoot = "";
			targets = (
				7AB273F02231F26200588193 /* IOS-JS */,
			);
		};
/* End PBXProject section */

/* Begin PBXResourcesBuildPhase section */
		7AB273EF2231F26200588193 /* Resources */ = {
			isa = PBXResourcesBuildPhase;
			buildActionMask = 2147483647;
			files = (
				7AB2740E2231F6B100588193 /* jsDemo.html in Resources */,
				7AB274012231F26400588193 /* LaunchScreen.storyboard in Resources */,
				7AB273FE2231F26400588193 /* Assets.xcassets in Resources */,
				7AB273FC2231F26200588193 /* Main.storyboard in Resources */,
			);
			runOnlyForDeploymentPostprocessing = 0;
		};
/* End PBXResourcesBuildPhase section */

/* Begin PBXSourcesBuildPhase section */
		7AB273ED2231F26200588193 /* Sources */ = {
			isa = PBXSourcesBuildPhase;
			buildActionMask = 2147483647;
			files = (
				7AB273F92231F26200588193 /* ViewController.m in Sources */,
				7AB274042231F26400588193 /* main.m in Sources */,
				7AB273F62231F26200588193 /* AppDelegate.m in Sources */,
				7AB2740C2231F50D00588193 /* WebviewController.m in Sources */,
			);
			runOnlyForDeploymentPostprocessing = 0;
		};
/* End PBXSourcesBuildPhase section */

/* Begin PBXVariantGroup section */
		7AB273FA2231F26200588193 /* Main.storyboard */ = {
			isa = PBXVariantGroup;
			children = (
				7AB273FB2231F26200588193 /* Base */,
			);
			name = Main.storyboard;
			sourceTree = "<group>";
		};
		7AB273FF2231F26400588193 /* LaunchScreen.storyboard */ = {
			isa = PBXVariantGroup;
			children = (
				7AB274002231F26400588193 /* Base */,
			);
			name = LaunchScreen.storyboard;
			sourceTree = "<group>";
		};
/* End PBXVariantGroup section */

/* Begin XCBuildConfiguration section */
		7AB274052231F26400588193 /* Debug */ = {
			isa = XCBuildConfiguration;
			buildSettings = {
				ALWAYS_SEARCH_USER_PATHS = NO;
				CLANG_ANALYZER_NONNULL = YES;
				CLANG_ANALYZER_NUMBER_OBJECT_CONVERSION = YES_AGGRESSIVE;
				CLANG_CXX_LANGUAGE_STANDARD = "gnu++14";
				CLANG_CXX_LIBRARY = "libc++";
				CLANG_ENABLE_MODULES = YES;
				CLANG_ENABLE_OBJC_ARC = YES;
				CLANG_ENABLE_OBJC_WEAK = YES;
				CLANG_WARN_BLOCK_CAPTURE_AUTORELEASING = YES;
				CLANG_WARN_BOOL_CONVERSION = YES;
				CLANG_WARN_COMMA = YES;
				CLANG_WARN_CONSTANT_CONVERSION = YES;
				CLANG_WARN_DEPRECATED_OBJC_IMPLEMENTATIONS = YES;
				CLANG_WARN_DIRECT_OBJC_ISA_USAGE = YES_ERROR;
				CLANG_WARN_DOCUMENTATION_COMMENTS = YES;
				CLANG_WARN_EMPTY_BODY = YES;
				CLANG_WARN_ENUM_CONVERSION = YES;
				CLANG_WARN_INFINITE_RECURSION = YES;
				CLANG_WARN_INT_CONVERSION = YES;
				CLANG_WARN_NON_LITERAL_NULL_CONVERSION = YES;
				CLANG_WARN_OBJC_IMPLICIT_RETAIN_SELF = YES;
				CLANG_WARN_OBJC_LITERAL_CONVERSION = YES;
				CLANG_WARN_OBJC_ROOT_CLASS = YES_ERROR;
				CLANG_WARN_RANGE_LOOP_ANALYSIS = YES;
				CLANG_WARN_STRICT_PROTOTYPES = YES;
				CLANG_WARN_SUSPICIOUS_MOVE = YES;
				CLANG_WARN_UNGUARDED_AVAILABILITY = YES_AGGRESSIVE;
				CLANG_WARN_UNREACHABLE_CODE = YES;
				CLANG_WARN__DUPLICATE_METHOD_MATCH = YES;
				CODE_SIGN_IDENTITY = "iPhone Developer";
				COPY_PHASE_STRIP = NO;
				DEBUG_INFORMATION_FORMAT = dwarf;
				ENABLE_STRICT_OBJC_MSGSEND = YES;
				ENABLE_TESTABILITY = YES;
				GCC_C_LANGUAGE_STANDARD = gnu11;
				GCC_DYNAMIC_NO_PIC = NO;
				GCC_NO_COMMON_BLOCKS = YES;
				GCC_OPTIMIZATION_LEVEL = 0;
				GCC_PREPROCESSOR_DEFINITIONS = (
					"DEBUG=1",
					"$(inherited)",
				);
				GCC_WARN_64_TO_32_BIT_CONVERSION = YES;
				GCC_WARN_ABOUT_RETURN_TYPE = YES_ERROR;
				GCC_WARN_UNDECLARED_SELECTOR = YES;
				GCC_WARN_UNINITIALIZED_AUTOS = YES_AGGRESSIVE;
				GCC_WARN_UNUSED_FUNCTION = YES;
				GCC_WARN_UNUSED_VARIABLE = YES;
				IPHONEOS_DEPLOYMENT_TARGET = 12.1;
				MTL_ENABLE_DEBUG_INFO = INCLUDE_SOURCE;
				MTL_FAST_MATH = YES;
				ONLY_ACTIVE_ARCH = YES;
				SDKROOT = iphoneos;
			};
			name = Debug;
		};
		7AB274062231F26400588193 /* Release */ = {
			isa = XCBuildConfiguration;
			buildSettings = {
				ALWAYS_SEARCH_USER_PATHS = NO;
				CLANG_ANALYZER_NONNULL = YES;
				CLANG_ANALYZER_NUMBER_OBJECT_CONVERSION = YES_AGGRESSIVE;
				CLANG_CXX_LANGUAGE_STANDARD = "gnu++14";
				CLANG_CXX_LIBRARY = "libc++";
				CLANG_ENABLE_MODULES = YES;
				CLANG_ENABLE_OBJC_ARC = YES;
				CLANG_ENABLE_OBJC_WEAK = YES;
				CLANG_WARN_BLOCK_CAPTURE_AUTORELEASING = YES;
				CLANG_WARN_BOOL_CONVERSION = YES;
				CLANG_WARN_COMMA = YES;
				CLANG_WARN_CONSTANT_CONVERSION = YES;
				CLANG_WARN_DEPRECATED_OBJC_IMPLEMENTATIONS = YES;
				CLANG_WARN_DIRECT_OBJC_ISA_USAGE = YES_ERROR;
				CLANG_WARN_DOCUMENTATION_COMMENTS = YES;
				CLANG_WARN_EMPTY_BODY = YES;
				CLANG_WARN_ENUM_CONVERSION = YES;
				CLANG_WARN_INFINITE_RECURSION = YES;
				CLANG_WARN_INT_CONVERSION = YES;
				CLANG_WARN_NON_LITERAL_NULL_CONVERSION = YES;
				CLANG_WARN_OBJC_IMPLICIT_RETAIN_SELF = YES;
				CLANG_WARN_OBJC_LITERAL_CONVERSION = YES;
				CLANG_WARN_OBJC_ROOT_CLASS = YES_ERROR;
				CLANG_WARN_RANGE_LOOP_ANALYSIS = YES;
				CLANG_WARN_STRICT_PROTOTYPES = YES;
				CLANG_WARN_SUSPICIOUS_MOVE = YES;
				CLANG_WARN_UNGUARDED_AVAILABILITY = YES_AGGRESSIVE;
				CLANG_WARN_UNREACHABLE_CODE = YES;
				CLANG_WARN__DUPLICATE_METHOD_MATCH = YES;
				CODE_SIGN_IDENTITY = "iPhone Developer";
				COPY_PHASE_STRIP = NO;
				DEBUG_INFORMATION_FORMAT = "dwarf-with-dsym";
				ENABLE_NS_ASSERTIONS = NO;
				ENABLE_STRICT_OBJC_MSGSEND = YES;
				GCC_C_LANGUAGE_STANDARD = gnu11;
				GCC_NO_COMMON_BLOCKS = YES;
				GCC_WARN_64_TO_32_BIT_CONVERSION = YES;
				GCC_WARN_ABOUT_RETURN_TYPE = YES_ERROR;
				GCC_WARN_UNDECLARED_SELECTOR = YES;
				GCC_WARN_UNINITIALIZED_AUTOS = YES_AGGRESSIVE;
				GCC_WARN_UNUSED_FUNCTION = YES;
				GCC_WARN_UNUSED_VARIABLE = YES;
				IPHONEOS_DEPLOYMENT_TARGET = 12.1;
				MTL_ENABLE_DEBUG_INFO = NO;
				MTL_FAST_MATH = YES;
				SDKROOT = iphoneos;
				VALIDATE_PRODUCT = YES;
			};
			name = Release;
		};
		7AB274082231F26400588193 /* Debug */ = {
			isa = XCBuildConfiguration;
			buildSettings = {
				ASSETCATALOG_COMPILER_APPICON_NAME = AppIcon;
				CODE_SIGN_STYLE = Automatic;
				DEVELOPMENT_TEAM = 8SJC8P4YK8;
				INFOPLIST_FILE = "IOS-JS/Info.plist";
				IPHONEOS_DEPLOYMENT_TARGET = 11.0;
				LD_RUNPATH_SEARCH_PATHS = (
					"$(inherited)",
					"@executable_path/Frameworks",
				);
				PRODUCT_BUNDLE_IDENTIFIER = "com.super.IOS-JS";
				PRODUCT_NAME = "$(TARGET_NAME)";
				TARGETED_DEVICE_FAMILY = 1;
			};
			name = Debug;
		};
		7AB274092231F26400588193 /* Release */ = {
			isa = XCBuildConfiguration;
			buildSettings = {
				ASSETCATALOG_COMPILER_APPICON_NAME = AppIcon;
				CODE_SIGN_STYLE = Automatic;
				DEVELOPMENT_TEAM = 8SJC8P4YK8;
				INFOPLIST_FILE = "IOS-JS/Info.plist";
				IPHONEOS_DEPLOYMENT_TARGET = 11.0;
				LD_RUNPATH_SEARCH_PATHS = (
					"$(inherited)",
					"@executable_path/Frameworks",
				);
				PRODUCT_BUNDLE_IDENTIFIER = "com.super.IOS-JS";
				PRODUCT_NAME = "$(TARGET_NAME)";
				TARGETED_DEVICE_FAMILY = 1;
			};
			name = Release;
		};
/* End XCBuildConfiguration section */

/* Begin XCConfigurationList section */
		7AB273EC2231F26200588193 /* Build configuration list for PBXProject "IOS-JS" */ = {
			isa = XCConfigurationList;
			buildConfigurations = (
				7AB274052231F26400588193 /* Debug */,
				7AB274062231F26400588193 /* Release */,
			);
			defaultConfigurationIsVisible = 0;
			defaultConfigurationName = Release;
		};
		7AB274072231F26400588193 /* Build configuration list for PBXNativeTarget "IOS-JS" */ = {
			isa = XCConfigurationList;
			buildConfigurations = (
				7AB274082231F26400588193 /* Debug */,
				7AB274092231F26400588193 /* Release */,
			);
			defaultConfigurationIsVisible = 0;
			defaultConfigurationName = Release;
		};
/* End XCConfigurationList section */
	};
	rootObject = 7AB273E92231F26200588193 /* Project object */;
}
